
Microsoft Visual Studio Solution File, Format Version 12.00
# Visual Studio 15
VisualStudioVersion = 15.0.28307.1209
MinimumVisualStudioVersion = 10.0.40219.1
Project("{FAE04EC0-301F-11D3-BF4B-00C04F79EFBC}") = "Checkers", "Checkers\Checkers.csproj", "{847164AE-E240-4128-A08B-EA39BF71AF93}"
EndProject
Project("{FAE04EC0-301F-11D3-BF4B-00C04F79EFBC}") = "board", "board\board.csproj", "{21F0F380-D8FA-42BD-9F71-91451AA0914E}"
EndProject
Project("{FAE04EC0-301F-11D3-BF4B-00C04F79EFBC}") = "CheckersPiece", "CheckersPiece\CheckersPiece.csproj", "{45597830-EBC8-44EF-8A68-58FB21A76C63}"
EndProject
Project("{FAE04EC0-301F-11D3-BF4B-00C04F79EFBC}") = "Player", "Player\Player.csproj", "{B5F2A7A7-3651-493F-A75F-CB63518B0F1D}"
EndProject
Project("{FAE04EC0-301F-11D3-BF4B-00C04F79EFBC}") = "Game", "Game\Game.csproj", "{F771181B-4EF8-43AA-B42D-91718828F2CF}"
EndProject
Project("{FAE04EC0-301F-11D3-BF4B-00C04F79EFBC}") = "UI", "UI\UI.csproj", "{EA737BA6-7A06-4C0C-9C53-935CAE5329BF}"
EndProject
Project("{FAE04EC0-301F-11D3-BF4B-00C04F79EFBC}") = "Validation", "Validation\Validation.csproj", "{0B721956-3BB0-47FA-8AD2-54119E362480}"
EndProject
Global
	GlobalSection(SolutionConfigurationPlatforms) = preSolution
		Debug|Any CPU = Debug|Any CPU
		Release|Any CPU = Release|Any CPU
	EndGlobalSection
	GlobalSection(ProjectConfigurationPlatforms) = postSolution
		{847164AE-E240-4128-A08B-EA39BF71AF93}.Debug|Any CPU.ActiveCfg = Debug|Any CPU
		{847164AE-E240-4128-A08B-EA39BF71AF93}.Debug|Any CPU.Build.0 = Debug|Any CPU
		{847164AE-E240-4128-A08B-EA39BF71AF93}.Release|Any CPU.ActiveCfg = Release|Any CPU
		{847164AE-E240-4128-A08B-EA39BF71AF93}.Release|Any CPU.Build.0 = Release|Any CPU
		{21F0F380-D8FA-42BD-9F71-91451AA0914E}.Debug|Any CPU.ActiveCfg = Debug|Any CPU
		{21F0F380-D8FA-42BD-9F71-91451AA0914E}.Debug|Any CPU.Build.0 = Debug|Any CPU
		{21F0F380-D8FA-42BD-9F71-91451AA0914E}.Release|Any CPU.ActiveCfg = Release|Any CPU
		{21F0F380-D8FA-42BD-9F71-91451AA0914E}.Release|Any CPU.Build.0 = Release|Any CPU
		{45597830-EBC8-44EF-8A68-58FB21A76C63}.Debug|Any CPU.ActiveCfg = Debug|Any CPU
		{45597830-EBC8-44EF-8A68-58FB21A76C63}.Debug|Any CPU.Build.0 = Debug|Any CPU
		{45597830-EBC8-44EF-8A68-58FB21A76C63}.Release|Any CPU.ActiveCfg = Release|Any CPU
		{45597830-EBC8-44EF-8A68-58FB21A76C63}.Release|Any CPU.Build.0 = Release|Any CPU
		{B5F2A7A7-3651-493F-A75F-CB63518B0F1D}.Debug|Any CPU.ActiveCfg = Debug|Any CPU
		{B5F2A7A7-3651-493F-A75F-CB63518B0F1D}.Debug|Any CPU.Build.0 = Debug|Any CPU
		{B5F2A7A7-3651-493F-A75F-CB63518B0F1D}.Release|Any CPU.ActiveCfg = Release|Any CPU
		{B5F2A7A7-3651-493F-A75F-CB63518B0F1D}.Release|Any CPU.Build.0 = Release|Any CPU
		{F771181B-4EF8-43AA-B42D-91718828F2CF}.Debug|Any CPU.ActiveCfg = Debug|Any CPU
		{F771181B-4EF8-43AA-B42D-91718828F2CF}.Debug|Any CPU.Build.0 = Debug|Any CPU
		{F771181B-4EF8-43AA-B42D-91718828F2CF}.Release|Any CPU.ActiveCfg = Release|Any CPU
		{F771181B-4EF8-43AA-B42D-91718828F2CF}.Release|Any CPU.Build.0 = Release|Any CPU
		{EA737BA6-7A06-4C0C-9C53-935CAE5329BF}.Debug|Any CPU.ActiveCfg = Debug|Any CPU
		{EA737BA6-7A06-4C0C-9C53-935CAE5329BF}.Debug|Any CPU.Build.0 = Debug|Any CPU
		{EA737BA6-7A06-4C0C-9C53-935CAE5329BF}.Release|Any CPU.ActiveCfg = Release|Any CPU
		{EA737BA6-7A06-4C0C-9C53-935CAE5329BF}.Release|Any CPU.Build.0 = Release|Any CPU
		{0B721956-3BB0-47FA-8AD2-54119E362480}.Debug|Any CPU.ActiveCfg = Debug|Any CPU
		{0B721956-3BB0-47FA-8AD2-54119E362480}.Debug|Any CPU.Build.0 = Debug|Any CPU
		{0B721956-3BB0-47FA-8AD2-54119E362480}.Release|Any CPU.ActiveCfg = Release|Any CPU
		{0B721956-3BB0-47FA-8AD2-54119E362480}.Release|Any CPU.Build.0 = Release|Any CPU
	EndGlobalSection
	GlobalSection(SolutionProperties) = preSolution
		HideSolutionNode = FALSE
	EndGlobalSection
	GlobalSection(ExtensibilityGlobals) = postSolution
		SolutionGuid = {D5F828DD-EFFE-4E31-9717-67A4C4F0F9F0}
	EndGlobalSection
EndGlobal
